using System;
using System.Collections.Generic;
using System.Linq;
using System.Text;
using System.Threading.Tasks;

namespace NewTask1
{
    internal class Program
    {
        static void Main(string[] args)
        {

            Console.Write("Enter the number of elements: ");
            int size = int.Parse(Console.ReadLine());
            int[] nums = new int[size];
            Console.WriteLine("Enter element : ");

            for (int i = 0; i < size; i++)
            {
                nums[i] = int.Parse(Console.ReadLine());
            }
            int Sum = int.MinValue;
            int start = 0;
            int end = 0;

            for (int i = 0; i < size; i++)
            {
                int currentSum = 0;
                for (int j = i; j < size; j++)
                {
                    currentSum=currentSum+nums[j];

                    if (currentSum > Sum)
                    {
                        Sum = currentSum;
                        start = i;
                        end = j;
                    }
                }
            }

      
            Console.Write("The subarray  [");
            for (int i = start; i <= end; i++)
            {
                Console.Write(nums[i]);
                if (i < end)
                {
                    Console.Write(", ");
                }
            }
            Console.WriteLine($"] has the largest sum {Sum}");
            Console.ReadLine();
        }
    }
}
