using System;
using System.Collections.Generic;
using System.Linq;
using System.Text;
using System.Threading.Tasks;

namespace Day_2_2_
{
    internal class Program
    {
        static void Main(string[] args)
        {
            Console.Write("Enter the number of elements: ");
            int size = int.Parse(Console.ReadLine());
            int[] nums = new int[size];
            Console.WriteLine("Enter element : ");

            for (int i = 0; i < size; i++)
            {
                nums[i] = int.Parse(Console.ReadLine());
            }
            int[] ans = new int[2 * size];
            for (int i = 0; i < size; i++)
            {
                ans[i] = nums[i];
                ans[i + size] = nums[i];
            }

          
            Console.WriteLine("Output: [" + string.Join(",", ans) + "]");
            Console.ReadLine();
        }
    }
}
