using System;
using System.Collections.Generic;
using System.Linq;
using System.Text;
using System.Threading.Tasks;

namespace NewTask1
{
    internal class Program
    {
        static void Main(string[] args)
        {
            Console.WriteLine("Enter the size of the array:");
           
            int size = int.Parse(Console.ReadLine());

            if (size >= 3 && size <= 104)
            {
                int[] num = new int[size];


                Console.WriteLine($"Enter {size} the values:");
                bool valid = true;

                for (int i = 0; i < size; i++)
                {
                    int values = int.Parse(Console.ReadLine());

                    if (values >= -1000 && values <= 1000)
                    {
                        num[i] = values;
                    }
                    else
                    {
                        Console.WriteLine("Invalid input.");
                        valid = false;
                        break;
                    }
                }

                if (valid)
                {
                    Array.Sort(num);
                    Array.Reverse(num);

                    int product = num[0] * num[1] * num[2];


                    Console.WriteLine("The product  is " + product);
                }
            }
            else
            {
                Console.WriteLine("Invalid input.");
            }

            Console.ReadLine();
        }
    }
}
