using System;
using System.Collections.Generic;
using System.Linq;
using System.Text;
using System.Threading.Tasks;

namespace Task3_1_
{
    internal class Program
    {
        static void Main(string[] args)
        {
            Console.Write("Enter the number of elements: ");
            int size = int.Parse(Console.ReadLine());
            int[] nums = new int[size];
            Console.WriteLine("Enter elements:");
            
            for (int i = 0; i < size; i++)
            {
                nums[i] = int.Parse(Console.ReadLine());
            }

            /*  for (int i = 0; i < size; i++)
              {
                  int dum = i;

                  for (int j = i + 1; j < size; j++)
                  {
                      if (nums[dum] > nums[j])
                      {

                          int temp = nums[dum];
                          nums[dum] = nums[j];
                          nums[j] = temp;

                      }
                  }
                  dum++;

              }*/
            for (int i = 0; i < size; i++)
            {
               

                for (int j = i + 1; j < size; j++)
                {
                    if (nums[i] > nums[j])
                    {

                        int temp = nums[i];
                        nums[i] = nums[j];
                        nums[j] = temp;

                    }
                }
                

            }

            Console.WriteLine("Sorted array:");
            for (int i = 0; i < size; i++)
            {
                Console.Write(nums[i] + " ");
            }
            Console.WriteLine();

            Console.ReadLine();
        }
    }
}
     
